
Microsoft Visual Studio Solution File, Format Version 12.00
# Visual Studio Version 16
VisualStudioVersion = 16.0.29020.237
MinimumVisualStudioVersion = 10.0.40219.1
Project("{FAE04EC0-301F-11D3-BF4B-00C04F79EFBC}") = "ConsoleApp2", "ConsoleApp2.csproj", "{77483093-9D37-40FF-A60D-DE1695B21289}"
EndProject
Global
	GlobalSection(SolutionConfigurationPlatforms) = preSolution
		Debug|Any CPU = Debug|Any CPU
		Release|Any CPU = Release|Any CPU
	EndGlobalSection
	GlobalSection(ProjectConfigurationPlatforms) = postSolution
		{77483093-9D37-40FF-A60D-DE1695B21289}.Debug|Any CPU.ActiveCfg = Debug|Any CPU
		{77483093-9D37-40FF-A60D-DE1695B21289}.Debug|Any CPU.Build.0 = Debug|Any CPU
		{77483093-9D37-40FF-A60D-DE1695B21289}.Release|Any CPU.ActiveCfg = Release|Any CPU
		{77483093-9D37-40FF-A60D-DE1695B21289}.Release|Any CPU.Build.0 = Release|Any CPU
	EndGlobalSection
	GlobalSection(SolutionProperties) = preSolution
		HideSolutionNode = FALSE
	EndGlobalSection
	GlobalSection(ExtensibilityGlobals) = postSolution
		SolutionGuid = {42F17E95-5B4E-4C19-A7FD-767669DA2035}
	EndGlobalSection
EndGlobal
