
Microsoft Visual Studio Solution File, Format Version 12.00
# Visual Studio Version 16
VisualStudioVersion = 16.0.29020.237
MinimumVisualStudioVersion = 10.0.40219.1
Project("{FAE04EC0-301F-11D3-BF4B-00C04F79EFBC}") = "fundamento tarea4", "fundamento tarea4.csproj", "{2BF0E2BE-867B-498A-9DDC-E75932C18483}"
EndProject
Global
	GlobalSection(SolutionConfigurationPlatforms) = preSolution
		Debug|Any CPU = Debug|Any CPU
		Release|Any CPU = Release|Any CPU
	EndGlobalSection
	GlobalSection(ProjectConfigurationPlatforms) = postSolution
		{2BF0E2BE-867B-498A-9DDC-E75932C18483}.Debug|Any CPU.ActiveCfg = Debug|Any CPU
		{2BF0E2BE-867B-498A-9DDC-E75932C18483}.Debug|Any CPU.Build.0 = Debug|Any CPU
		{2BF0E2BE-867B-498A-9DDC-E75932C18483}.Release|Any CPU.ActiveCfg = Release|Any CPU
		{2BF0E2BE-867B-498A-9DDC-E75932C18483}.Release|Any CPU.Build.0 = Release|Any CPU
	EndGlobalSection
	GlobalSection(SolutionProperties) = preSolution
		HideSolutionNode = FALSE
	EndGlobalSection
	GlobalSection(ExtensibilityGlobals) = postSolution
		SolutionGuid = {14BEEE11-BE0C-489A-991A-6291335C7784}
	EndGlobalSection
EndGlobal
