
Microsoft Visual Studio Solution File, Format Version 12.00
# Visual Studio Version 16
VisualStudioVersion = 16.0.29020.237
MinimumVisualStudioVersion = 10.0.40219.1
Project("{FAE04EC0-301F-11D3-BF4B-00C04F79EFBC}") = "probandoaudio", "probandoaudio.csproj", "{5E083233-DF43-4892-A8AA-C0E6CF4CEFA7}"
EndProject
Global
	GlobalSection(SolutionConfigurationPlatforms) = preSolution
		Debug|Any CPU = Debug|Any CPU
		Release|Any CPU = Release|Any CPU
	EndGlobalSection
	GlobalSection(ProjectConfigurationPlatforms) = postSolution
		{5E083233-DF43-4892-A8AA-C0E6CF4CEFA7}.Debug|Any CPU.ActiveCfg = Debug|Any CPU
		{5E083233-DF43-4892-A8AA-C0E6CF4CEFA7}.Debug|Any CPU.Build.0 = Debug|Any CPU
		{5E083233-DF43-4892-A8AA-C0E6CF4CEFA7}.Release|Any CPU.ActiveCfg = Release|Any CPU
		{5E083233-DF43-4892-A8AA-C0E6CF4CEFA7}.Release|Any CPU.Build.0 = Release|Any CPU
	EndGlobalSection
	GlobalSection(SolutionProperties) = preSolution
		HideSolutionNode = FALSE
	EndGlobalSection
	GlobalSection(ExtensibilityGlobals) = postSolution
		SolutionGuid = {0EE8486D-8BB5-4AE9-955F-6F776BF344F4}
	EndGlobalSection
EndGlobal
