
Microsoft Visual Studio Solution File, Format Version 12.00
# Visual Studio Version 16
VisualStudioVersion = 16.0.29020.237
MinimumVisualStudioVersion = 10.0.40219.1
Project("{FAE04EC0-301F-11D3-BF4B-00C04F79EFBC}") = "fundamento tarea 5", "fundamento tarea 5.csproj", "{1CE8175C-D479-48C6-9AE0-617D2B1293EE}"
EndProject
Global
	GlobalSection(SolutionConfigurationPlatforms) = preSolution
		Debug|Any CPU = Debug|Any CPU
		Release|Any CPU = Release|Any CPU
	EndGlobalSection
	GlobalSection(ProjectConfigurationPlatforms) = postSolution
		{1CE8175C-D479-48C6-9AE0-617D2B1293EE}.Debug|Any CPU.ActiveCfg = Debug|Any CPU
		{1CE8175C-D479-48C6-9AE0-617D2B1293EE}.Debug|Any CPU.Build.0 = Debug|Any CPU
		{1CE8175C-D479-48C6-9AE0-617D2B1293EE}.Release|Any CPU.ActiveCfg = Release|Any CPU
		{1CE8175C-D479-48C6-9AE0-617D2B1293EE}.Release|Any CPU.Build.0 = Release|Any CPU
	EndGlobalSection
	GlobalSection(SolutionProperties) = preSolution
		HideSolutionNode = FALSE
	EndGlobalSection
	GlobalSection(ExtensibilityGlobals) = postSolution
		SolutionGuid = {5BBBC84A-5EE1-4826-8771-C69FE95727AB}
	EndGlobalSection
EndGlobal
