
Microsoft Visual Studio Solution File, Format Version 12.00
# Visual Studio Version 16
VisualStudioVersion = 16.0.29020.237
MinimumVisualStudioVersion = 10.0.40219.1
Project("{9A19103F-16F7-4668-BE54-9A1E7A4F7556}") = "Fundamento 2 tarea", "Fundamento 2 tarea.csproj", "{7C514F8E-5E01-4D2B-8DFA-06A1991F4C77}"
EndProject
Global
	GlobalSection(SolutionConfigurationPlatforms) = preSolution
		Debug|Any CPU = Debug|Any CPU
		Release|Any CPU = Release|Any CPU
	EndGlobalSection
	GlobalSection(ProjectConfigurationPlatforms) = postSolution
		{7C514F8E-5E01-4D2B-8DFA-06A1991F4C77}.Debug|Any CPU.ActiveCfg = Debug|Any CPU
		{7C514F8E-5E01-4D2B-8DFA-06A1991F4C77}.Debug|Any CPU.Build.0 = Debug|Any CPU
		{7C514F8E-5E01-4D2B-8DFA-06A1991F4C77}.Release|Any CPU.ActiveCfg = Release|Any CPU
		{7C514F8E-5E01-4D2B-8DFA-06A1991F4C77}.Release|Any CPU.Build.0 = Release|Any CPU
	EndGlobalSection
	GlobalSection(SolutionProperties) = preSolution
		HideSolutionNode = FALSE
	EndGlobalSection
	GlobalSection(ExtensibilityGlobals) = postSolution
		SolutionGuid = {407762E6-921B-4B9C-AFBF-5FBA00555D1E}
	EndGlobalSection
EndGlobal
