
Microsoft Visual Studio Solution File, Format Version 12.00
# Visual Studio Version 16
VisualStudioVersion = 16.0.29020.237
MinimumVisualStudioVersion = 10.0.40219.1
Project("{FAE04EC0-301F-11D3-BF4B-00C04F79EFBC}") = "proyecto z", "proyecto z.csproj", "{6C87BE02-CB8F-4BAF-8C52-CF856BC33E17}"
EndProject
Global
	GlobalSection(SolutionConfigurationPlatforms) = preSolution
		Debug|Any CPU = Debug|Any CPU
		Release|Any CPU = Release|Any CPU
	EndGlobalSection
	GlobalSection(ProjectConfigurationPlatforms) = postSolution
		{6C87BE02-CB8F-4BAF-8C52-CF856BC33E17}.Debug|Any CPU.ActiveCfg = Debug|Any CPU
		{6C87BE02-CB8F-4BAF-8C52-CF856BC33E17}.Debug|Any CPU.Build.0 = Debug|Any CPU
		{6C87BE02-CB8F-4BAF-8C52-CF856BC33E17}.Release|Any CPU.ActiveCfg = Release|Any CPU
		{6C87BE02-CB8F-4BAF-8C52-CF856BC33E17}.Release|Any CPU.Build.0 = Release|Any CPU
	EndGlobalSection
	GlobalSection(SolutionProperties) = preSolution
		HideSolutionNode = FALSE
	EndGlobalSection
	GlobalSection(ExtensibilityGlobals) = postSolution
		SolutionGuid = {36965984-386D-4986-A46D-13D47C7144FC}
	EndGlobalSection
EndGlobal
