
Microsoft Visual Studio Solution File, Format Version 12.00
# Visual Studio Version 16
VisualStudioVersion = 16.0.29728.190
MinimumVisualStudioVersion = 10.0.40219.1
Project("{FAE04EC0-301F-11D3-BF4B-00C04F79EFBC}") = "ConsoleApp", "ConsoleApp.csproj", "{B6F7CDE9-37C0-4985-869E-5643BF12C0BA}"
EndProject
Global
	GlobalSection(SolutionConfigurationPlatforms) = preSolution
		Debug|Any CPU = Debug|Any CPU
		Release|Any CPU = Release|Any CPU
	EndGlobalSection
	GlobalSection(ProjectConfigurationPlatforms) = postSolution
		{B6F7CDE9-37C0-4985-869E-5643BF12C0BA}.Debug|Any CPU.ActiveCfg = Debug|Any CPU
		{B6F7CDE9-37C0-4985-869E-5643BF12C0BA}.Debug|Any CPU.Build.0 = Debug|Any CPU
		{B6F7CDE9-37C0-4985-869E-5643BF12C0BA}.Release|Any CPU.ActiveCfg = Release|Any CPU
		{B6F7CDE9-37C0-4985-869E-5643BF12C0BA}.Release|Any CPU.Build.0 = Release|Any CPU
	EndGlobalSection
	GlobalSection(SolutionProperties) = preSolution
		HideSolutionNode = FALSE
	EndGlobalSection
	GlobalSection(ExtensibilityGlobals) = postSolution
		SolutionGuid = {570F40FA-381C-4B88-98D3-F2C9144D9B21}
	EndGlobalSection
EndGlobal
