
Microsoft Visual Studio Solution File, Format Version 12.00
# Visual Studio Version 16
VisualStudioVersion = 16.0.29020.237
MinimumVisualStudioVersion = 10.0.40219.1
Project("{FAE04EC0-301F-11D3-BF4B-00C04F79EFBC}") = "ejercio 1arr", "ejercio 1arr.csproj", "{A9CCDD16-092F-44C7-ADAF-9E86FA700E7B}"
EndProject
Global
	GlobalSection(SolutionConfigurationPlatforms) = preSolution
		Debug|Any CPU = Debug|Any CPU
		Release|Any CPU = Release|Any CPU
	EndGlobalSection
	GlobalSection(ProjectConfigurationPlatforms) = postSolution
		{A9CCDD16-092F-44C7-ADAF-9E86FA700E7B}.Debug|Any CPU.ActiveCfg = Debug|Any CPU
		{A9CCDD16-092F-44C7-ADAF-9E86FA700E7B}.Debug|Any CPU.Build.0 = Debug|Any CPU
		{A9CCDD16-092F-44C7-ADAF-9E86FA700E7B}.Release|Any CPU.ActiveCfg = Release|Any CPU
		{A9CCDD16-092F-44C7-ADAF-9E86FA700E7B}.Release|Any CPU.Build.0 = Release|Any CPU
	EndGlobalSection
	GlobalSection(SolutionProperties) = preSolution
		HideSolutionNode = FALSE
	EndGlobalSection
	GlobalSection(ExtensibilityGlobals) = postSolution
		SolutionGuid = {0E48BE40-15DC-47D6-ACFB-3B43FC1C460D}
	EndGlobalSection
EndGlobal
