
Microsoft Visual Studio Solution File, Format Version 12.00
# Visual Studio Version 16
VisualStudioVersion = 16.0.29020.237
MinimumVisualStudioVersion = 10.0.40219.1
Project("{FAE04EC0-301F-11D3-BF4B-00C04F79EFBC}") = "PRACTICA DE PRUEDAS", "PRACTICA DE PRUEDAS.csproj", "{805D9FCF-2A76-41FE-A446-E0A2133BB895}"
EndProject
Global
	GlobalSection(SolutionConfigurationPlatforms) = preSolution
		Debug|Any CPU = Debug|Any CPU
		Release|Any CPU = Release|Any CPU
	EndGlobalSection
	GlobalSection(ProjectConfigurationPlatforms) = postSolution
		{805D9FCF-2A76-41FE-A446-E0A2133BB895}.Debug|Any CPU.ActiveCfg = Debug|Any CPU
		{805D9FCF-2A76-41FE-A446-E0A2133BB895}.Debug|Any CPU.Build.0 = Debug|Any CPU
		{805D9FCF-2A76-41FE-A446-E0A2133BB895}.Release|Any CPU.ActiveCfg = Release|Any CPU
		{805D9FCF-2A76-41FE-A446-E0A2133BB895}.Release|Any CPU.Build.0 = Release|Any CPU
	EndGlobalSection
	GlobalSection(SolutionProperties) = preSolution
		HideSolutionNode = FALSE
	EndGlobalSection
	GlobalSection(ExtensibilityGlobals) = postSolution
		SolutionGuid = {A7A97565-C7F9-4D0F-BE81-6C2FF9A23540}
	EndGlobalSection
EndGlobal
