
Microsoft Visual Studio Solution File, Format Version 12.00
# Visual Studio Version 16
VisualStudioVersion = 16.0.29020.237
MinimumVisualStudioVersion = 10.0.40219.1
Project("{FAE04EC0-301F-11D3-BF4B-00C04F79EFBC}") = "ConsoleApp1", "ConsoleApp1\ConsoleApp1.csproj", "{34EBB605-717F-41E1-95D9-6CEB7CC71EDD}"
EndProject
Global
	GlobalSection(SolutionConfigurationPlatforms) = preSolution
		Debug|Any CPU = Debug|Any CPU
		Release|Any CPU = Release|Any CPU
	EndGlobalSection
	GlobalSection(ProjectConfigurationPlatforms) = postSolution
		{34EBB605-717F-41E1-95D9-6CEB7CC71EDD}.Debug|Any CPU.ActiveCfg = Debug|Any CPU
		{34EBB605-717F-41E1-95D9-6CEB7CC71EDD}.Debug|Any CPU.Build.0 = Debug|Any CPU
		{34EBB605-717F-41E1-95D9-6CEB7CC71EDD}.Release|Any CPU.ActiveCfg = Release|Any CPU
		{34EBB605-717F-41E1-95D9-6CEB7CC71EDD}.Release|Any CPU.Build.0 = Release|Any CPU
	EndGlobalSection
	GlobalSection(SolutionProperties) = preSolution
		HideSolutionNode = FALSE
	EndGlobalSection
	GlobalSection(ExtensibilityGlobals) = postSolution
		SolutionGuid = {44A11009-015B-4DC5-80E7-25664534F78B}
	EndGlobalSection
EndGlobal
