
Microsoft Visual Studio Solution File, Format Version 12.00
# Visual Studio Version 16
VisualStudioVersion = 16.0.29020.237
MinimumVisualStudioVersion = 10.0.40219.1
Project("{FAE04EC0-301F-11D3-BF4B-00C04F79EFBC}") = "fundamento 3 tarea", "fundamento 3 tarea.csproj", "{D7D17CA9-464B-4738-A548-CA5857D77077}"
EndProject
Global
	GlobalSection(SolutionConfigurationPlatforms) = preSolution
		Debug|Any CPU = Debug|Any CPU
		Release|Any CPU = Release|Any CPU
	EndGlobalSection
	GlobalSection(ProjectConfigurationPlatforms) = postSolution
		{D7D17CA9-464B-4738-A548-CA5857D77077}.Debug|Any CPU.ActiveCfg = Debug|Any CPU
		{D7D17CA9-464B-4738-A548-CA5857D77077}.Debug|Any CPU.Build.0 = Debug|Any CPU
		{D7D17CA9-464B-4738-A548-CA5857D77077}.Release|Any CPU.ActiveCfg = Release|Any CPU
		{D7D17CA9-464B-4738-A548-CA5857D77077}.Release|Any CPU.Build.0 = Release|Any CPU
	EndGlobalSection
	GlobalSection(SolutionProperties) = preSolution
		HideSolutionNode = FALSE
	EndGlobalSection
	GlobalSection(ExtensibilityGlobals) = postSolution
		SolutionGuid = {80957625-0DA6-4203-BBE9-039CB64DE2E6}
	EndGlobalSection
EndGlobal
