
Microsoft Visual Studio Solution File, Format Version 12.00
# Visual Studio Version 16
VisualStudioVersion = 16.0.29020.237
MinimumVisualStudioVersion = 10.0.40219.1
Project("{FAE04EC0-301F-11D3-BF4B-00C04F79EFBC}") = "Gideon.2", "Gideon.2.csproj", "{9FD3EE73-2FBD-409D-A3A8-ADF397C6B53B}"
EndProject
Global
	GlobalSection(SolutionConfigurationPlatforms) = preSolution
		Debug|Any CPU = Debug|Any CPU
		Release|Any CPU = Release|Any CPU
	EndGlobalSection
	GlobalSection(ProjectConfigurationPlatforms) = postSolution
		{9FD3EE73-2FBD-409D-A3A8-ADF397C6B53B}.Debug|Any CPU.ActiveCfg = Debug|Any CPU
		{9FD3EE73-2FBD-409D-A3A8-ADF397C6B53B}.Debug|Any CPU.Build.0 = Debug|Any CPU
		{9FD3EE73-2FBD-409D-A3A8-ADF397C6B53B}.Release|Any CPU.ActiveCfg = Release|Any CPU
		{9FD3EE73-2FBD-409D-A3A8-ADF397C6B53B}.Release|Any CPU.Build.0 = Release|Any CPU
	EndGlobalSection
	GlobalSection(SolutionProperties) = preSolution
		HideSolutionNode = FALSE
	EndGlobalSection
	GlobalSection(ExtensibilityGlobals) = postSolution
		SolutionGuid = {DA69AACB-9532-4C3A-AA81-B0C94C9C5D81}
	EndGlobalSection
EndGlobal
