
Microsoft Visual Studio Solution File, Format Version 12.00
# Visual Studio Version 16
VisualStudioVersion = 16.0.29020.237
MinimumVisualStudioVersion = 10.0.40219.1
Project("{FAE04EC0-301F-11D3-BF4B-00C04F79EFBC}") = "Gibeon.3", "Gibeon.3.csproj", "{BC4D4971-3F77-4844-93EB-83F59E51B79F}"
EndProject
Global
	GlobalSection(SolutionConfigurationPlatforms) = preSolution
		Debug|Any CPU = Debug|Any CPU
		Release|Any CPU = Release|Any CPU
	EndGlobalSection
	GlobalSection(ProjectConfigurationPlatforms) = postSolution
		{BC4D4971-3F77-4844-93EB-83F59E51B79F}.Debug|Any CPU.ActiveCfg = Debug|Any CPU
		{BC4D4971-3F77-4844-93EB-83F59E51B79F}.Debug|Any CPU.Build.0 = Debug|Any CPU
		{BC4D4971-3F77-4844-93EB-83F59E51B79F}.Release|Any CPU.ActiveCfg = Release|Any CPU
		{BC4D4971-3F77-4844-93EB-83F59E51B79F}.Release|Any CPU.Build.0 = Release|Any CPU
	EndGlobalSection
	GlobalSection(SolutionProperties) = preSolution
		HideSolutionNode = FALSE
	EndGlobalSection
	GlobalSection(ExtensibilityGlobals) = postSolution
		SolutionGuid = {09792FB7-01BC-4CA0-AEA9-83726F675854}
	EndGlobalSection
EndGlobal
