
Microsoft Visual Studio Solution File, Format Version 12.00
# Visual Studio Version 16
VisualStudioVersion = 16.0.29020.237
MinimumVisualStudioVersion = 10.0.40219.1
Project("{FAE04EC0-301F-11D3-BF4B-00C04F79EFBC}") = "fundamento 5tarea 5p2", "fundamento 5tarea 5p2.csproj", "{72AE991F-0874-4D79-A44F-46C61FD723B6}"
EndProject
Global
	GlobalSection(SolutionConfigurationPlatforms) = preSolution
		Debug|Any CPU = Debug|Any CPU
		Release|Any CPU = Release|Any CPU
	EndGlobalSection
	GlobalSection(ProjectConfigurationPlatforms) = postSolution
		{72AE991F-0874-4D79-A44F-46C61FD723B6}.Debug|Any CPU.ActiveCfg = Debug|Any CPU
		{72AE991F-0874-4D79-A44F-46C61FD723B6}.Debug|Any CPU.Build.0 = Debug|Any CPU
		{72AE991F-0874-4D79-A44F-46C61FD723B6}.Release|Any CPU.ActiveCfg = Release|Any CPU
		{72AE991F-0874-4D79-A44F-46C61FD723B6}.Release|Any CPU.Build.0 = Release|Any CPU
	EndGlobalSection
	GlobalSection(SolutionProperties) = preSolution
		HideSolutionNode = FALSE
	EndGlobalSection
	GlobalSection(ExtensibilityGlobals) = postSolution
		SolutionGuid = {17B100BC-E5F1-43BA-AF6A-26DF4E74D9CC}
	EndGlobalSection
EndGlobal
