
Microsoft Visual Studio Solution File, Format Version 12.00
# Visual Studio Version 16
VisualStudioVersion = 16.0.29020.237
MinimumVisualStudioVersion = 10.0.40219.1
Project("{FAE04EC0-301F-11D3-BF4B-00C04F79EFBC}") = "tarea9p8", "tarea9p8.csproj", "{F06DE436-8220-4CDF-AFC1-B4E3EEC789DC}"
EndProject
Global
	GlobalSection(SolutionConfigurationPlatforms) = preSolution
		Debug|Any CPU = Debug|Any CPU
		Release|Any CPU = Release|Any CPU
	EndGlobalSection
	GlobalSection(ProjectConfigurationPlatforms) = postSolution
		{F06DE436-8220-4CDF-AFC1-B4E3EEC789DC}.Debug|Any CPU.ActiveCfg = Debug|Any CPU
		{F06DE436-8220-4CDF-AFC1-B4E3EEC789DC}.Debug|Any CPU.Build.0 = Debug|Any CPU
		{F06DE436-8220-4CDF-AFC1-B4E3EEC789DC}.Release|Any CPU.ActiveCfg = Release|Any CPU
		{F06DE436-8220-4CDF-AFC1-B4E3EEC789DC}.Release|Any CPU.Build.0 = Release|Any CPU
	EndGlobalSection
	GlobalSection(SolutionProperties) = preSolution
		HideSolutionNode = FALSE
	EndGlobalSection
	GlobalSection(ExtensibilityGlobals) = postSolution
		SolutionGuid = {6EEF9190-FD1E-40EA-9CBC-85F7E4754886}
	EndGlobalSection
EndGlobal
