
Microsoft Visual Studio Solution File, Format Version 12.00
# Visual Studio Version 16
VisualStudioVersion = 16.0.30011.22
MinimumVisualStudioVersion = 10.0.40219.1
Project("{FAE04EC0-301F-11D3-BF4B-00C04F79EFBC}") = "pruebadeforo", "pruebadeforo.csproj", "{A1390118-A91F-416A-A690-249205AA01BA}"
EndProject
Global
	GlobalSection(SolutionConfigurationPlatforms) = preSolution
		Debug|Any CPU = Debug|Any CPU
		Release|Any CPU = Release|Any CPU
	EndGlobalSection
	GlobalSection(ProjectConfigurationPlatforms) = postSolution
		{A1390118-A91F-416A-A690-249205AA01BA}.Debug|Any CPU.ActiveCfg = Debug|Any CPU
		{A1390118-A91F-416A-A690-249205AA01BA}.Debug|Any CPU.Build.0 = Debug|Any CPU
		{A1390118-A91F-416A-A690-249205AA01BA}.Release|Any CPU.ActiveCfg = Release|Any CPU
		{A1390118-A91F-416A-A690-249205AA01BA}.Release|Any CPU.Build.0 = Release|Any CPU
	EndGlobalSection
	GlobalSection(SolutionProperties) = preSolution
		HideSolutionNode = FALSE
	EndGlobalSection
	GlobalSection(ExtensibilityGlobals) = postSolution
		SolutionGuid = {185D5104-907F-435D-A357-83024BBE3A83}
	EndGlobalSection
EndGlobal
