
Microsoft Visual Studio Solution File, Format Version 12.00
# Visual Studio Version 16
VisualStudioVersion = 16.0.29020.237
MinimumVisualStudioVersion = 10.0.40219.1
Project("{FAE04EC0-301F-11D3-BF4B-00C04F79EFBC}") = "votacion 2020", "votacion 2020.csproj", "{231957C6-66F8-48B5-9F80-5273501C3A7D}"
EndProject
Global
	GlobalSection(SolutionConfigurationPlatforms) = preSolution
		Debug|Any CPU = Debug|Any CPU
		Release|Any CPU = Release|Any CPU
	EndGlobalSection
	GlobalSection(ProjectConfigurationPlatforms) = postSolution
		{231957C6-66F8-48B5-9F80-5273501C3A7D}.Debug|Any CPU.ActiveCfg = Debug|Any CPU
		{231957C6-66F8-48B5-9F80-5273501C3A7D}.Debug|Any CPU.Build.0 = Debug|Any CPU
		{231957C6-66F8-48B5-9F80-5273501C3A7D}.Release|Any CPU.ActiveCfg = Release|Any CPU
		{231957C6-66F8-48B5-9F80-5273501C3A7D}.Release|Any CPU.Build.0 = Release|Any CPU
	EndGlobalSection
	GlobalSection(SolutionProperties) = preSolution
		HideSolutionNode = FALSE
	EndGlobalSection
	GlobalSection(ExtensibilityGlobals) = postSolution
		SolutionGuid = {E2A08C07-9E53-4659-A434-4A50B50B9D74}
	EndGlobalSection
EndGlobal
